# This file is automatically @generated by Cargo.
# It is not intended for manual editing.
version = 4

[[package]]
name = "pith-audio"
version = "0.1.0"
source = "git+https://github.com/pith-hash/pith-audio.git?branch=main#1063e502c92c91ea0ca74b383c0dbc6ac8356f93"
dependencies = [
 "pith-digest",
 "pith-flac",
 "pith-math",
]

[[package]]
name = "pith-cdc"
version = "0.1.0"
source = "git+https://github.com/pith-hash/pith-cdc.git?branch=main#5d15dc9eec0d63aa8bf776a7c66af660eed93736"
dependencies = [
 "pith-digest",
]

[[package]]
name = "pith-digest"
version = "0.1.0"
source = "git+https://github.com/pith-hash/pith-digest.git?branch=main#0e50dd49ed4ecf3955e59ac8e0733885d97599f3"

[[package]]
name = "pith-file"
version = "0.1.0"
source = "git+https://github.com/pith-hash/pith-file.git?branch=main#df7f9095f6e67618a90bdeb3f84b05447c0b2666"
dependencies = [
 "pith-cdc",
 "pith-digest",
 "pith-pdf",
]

[[package]]
name = "pith-flac"
version = "0.1.0"
source = "git+https://github.com/pith-hash/pith-flac.git?branch=main#a0873e0d5fdfefb9f25d9e86c14cb761ff9b8331"
dependencies = [
 "pith-digest",
]

[[package]]
name = "pith-h264"
version = "0.1.0"
source = "git+https://github.com/pith-hash/pith-h264.git?branch=main#64a5e5294d109570454983f7c007cc6389f21380"
dependencies = [
 "pith-digest",
]

[[package]]
name = "pith-hash"
version = "0.1.0"
dependencies = [
 "pith-audio",
 "pith-digest",
 "pith-file",
 "pith-flac",
 "pith-h264",
 "pith-image",
 "pith-jpeg",
 "pith-math",
 "pith-mp3",
 "pith-mp4",
 "pith-pdf",
 "pith-png",
 "pith-text",
 "pith-unicode",
 "pith-video",
]

[[package]]
name = "pith-hash-cli"
version = "0.1.0"
dependencies = [
 "pith-hash",
]

[[package]]
name = "pith-image"
version = "0.1.0"
source = "git+https://github.com/pith-hash/pith-image.git?branch=main#67ddb4e77a86a59cc8a417a9e42116aa0c306d7c"
dependencies = [
 "pith-digest",
 "pith-math",
]

[[package]]
name = "pith-inflate"
version = "0.1.0"
source = "git+https://github.com/pith-hash/pith-inflate.git?branch=main#06c9f3e55767c980edc6aeb3d3c1bc67bf4bddf8"
dependencies = [
 "pith-digest",
]

[[package]]
name = "pith-jpeg"
version = "0.1.0"
source = "git+https://github.com/pith-hash/pith-jpeg.git?branch=main#5d1b2fd2397eee39959bd84d5ad79f0794e59fa6"
dependencies = [
 "pith-digest",
 "pith-image",
 "pith-math",
]

[[package]]
name = "pith-math"
version = "0.1.0"
source = "git+https://github.com/pith-hash/pith-math.git?branch=main#d2d1fae037e0074b675d29fe7547239f3c71b5a2"

[[package]]
name = "pith-mp3"
version = "0.1.0"
source = "git+https://github.com/pith-hash/pith-mp3.git?branch=main#1ac6718ef352182d434d0c09109f53b173560b6b"
dependencies = [
 "pith-digest",
]

[[package]]
name = "pith-mp4"
version = "0.1.0"
source = "git+https://github.com/pith-hash/pith-mp4.git?branch=main#beb96aad95f553260cc899ae76b28666148bc462"
dependencies = [
 "pith-digest",
]

[[package]]
name = "pith-pdf"
version = "0.1.0"
source = "git+https://github.com/pith-hash/pith-pdf.git?branch=main#225b972ddf006dbd6af867f763212d62a96e3128"
dependencies = [
 "pith-digest",
 "pith-inflate",
]

[[package]]
name = "pith-png"
version = "0.1.0"
source = "git+https://github.com/pith-hash/pith-png.git?branch=main#2f01d518d9e6e2d9c06bccb8d09a8ff010969bbd"
dependencies = [
 "pith-digest",
 "pith-image",
 "pith-inflate",
]

[[package]]
name = "pith-text"
version = "0.1.0"
source = "git+https://github.com/pith-hash/pith-text.git?branch=main#683bad9b2f5ff24930bc23755fe8af4ab55a41de"
dependencies = [
 "pith-digest",
 "pith-unicode",
]

[[package]]
name = "pith-unicode"
version = "0.1.0"
source = "git+https://github.com/pith-hash/pith-unicode.git?branch=main#c97c44bd80e49f426226c0575b9f88ca969df999"

[[package]]
name = "pith-video"
version = "0.1.0"
source = "git+https://github.com/pith-hash/pith-video.git?branch=main#9c0b4c5347e4ba2be821d1aeca581dab3aed00b6"
dependencies = [
 "pith-digest",
 "pith-h264",
 "pith-image",
 "pith-mp4",
 "pith-text",
]
